<?xml version="1.0" encoding="UTF-8" standalone="yes" ?>
<CodeBlocks_project_file>
	<FileVersion major="1" minor="6" />
	<Project>
		<Option title="re:mod" />
		<Option pch_mode="2" />
		<Option compiler="gcc" />
		<Build>
			<Target title="Release_win32">
				<Option output="sauer_server" prefix_auto="1" extension_auto="1" />
				<Option type="1" />
				<Option compiler="gcc" />
				<Option use_console_runner="0" />
				<Compiler>
					<Add option="-O2" />
					<Add option="-DSTANDALONE" />
					<Add option="-DIRC" />
					<Add option="-DGEOIP" />
					<Add directory="enet\include" />
					<Add directory="shared" />
					<Add directory="include" />
					<Add directory="fpsgame" />
					<Add directory="libGeoIP" />
					<Add directory="mod" />
				</Compiler>
				<Linker>
					<Add option="-s" />
					<Add library="wsock32" />
					<Add library="ws2_32" />
					<Add library="winmm" />
					<Add library="zdll" />
					<Add directory="lib" />
				</Linker>
			</Target>
			<Target title="Release_freebsd">
				<Option output="sauer_server" prefix_auto="1" extension_auto="1" />
				<Option type="1" />
				<Option compiler="gcc" />
				<Option use_console_runner="0" />
				<Compiler>
					<Add option="-O2" />
					<Add option="-DSTANDALONE" />
					<Add option="-DIRC" />
					<Add option="-DHAS_SOCKLEN_T" />
					<Add directory="enet\include" />
					<Add directory="shared" />
					<Add directory="include" />
					<Add directory="fpsgame" />
					<Add directory="mod" />
					<Add directory="libGeoIP" />
				</Compiler>
				<Linker>
					<Add option="-s" />
					<Add library="z" />
				</Linker>
			</Target>
		</Build>
		<Compiler>
			<Add option="-Wall" />
		</Compiler>
		<Unit filename="enet\callbacks.c">
			<Option compilerVar="CC" />
		</Unit>
		<Unit filename="enet\compress.c">
			<Option compilerVar="CC" />
		</Unit>
		<Unit filename="enet\host.c">
			<Option compilerVar="CC" />
		</Unit>
		<Unit filename="enet\include\enet\callbacks.h" />
		<Unit filename="enet\include\enet\enet.h" />
		<Unit filename="enet\include\enet\list.h" />
		<Unit filename="enet\include\enet\protocol.h" />
		<Unit filename="enet\include\enet\time.h" />
		<Unit filename="enet\include\enet\types.h" />
		<Unit filename="enet\include\enet\unix.h" />
		<Unit filename="enet\include\enet\utility.h" />
		<Unit filename="enet\include\enet\win32.h" />
		<Unit filename="enet\list.c">
			<Option compilerVar="CC" />
		</Unit>
		<Unit filename="enet\packet.c">
			<Option compilerVar="CC" />
		</Unit>
		<Unit filename="enet\peer.c">
			<Option compilerVar="CC" />
		</Unit>
		<Unit filename="enet\protocol.c">
			<Option compilerVar="CC" />
		</Unit>
		<Unit filename="enet\unix.c">
			<Option compilerVar="CC" />
		</Unit>
		<Unit filename="enet\win32.c">
			<Option compilerVar="CC" />
		</Unit>
		<Unit filename="engine\command.cpp" />
		<Unit filename="engine\engine.h" />
		<Unit filename="engine\server.cpp" />
		<Unit filename="fpsgame\ai.h" />
		<Unit filename="fpsgame\aiman.h" />
		<Unit filename="fpsgame\capture.h" />
		<Unit filename="fpsgame\ctf.h" />
		<Unit filename="fpsgame\extinfo.h" />
		<Unit filename="fpsgame\fpsgame.h" />
		<Unit filename="fpsgame\game.h" />
		<Unit filename="fpsgame\server.cpp" />
		<Unit filename="include\wincompat.h" />
		<Unit filename="include\zconf.h" />
		<Unit filename="include\zlib.h" />
		<Unit filename="libGeoIP\GeoIP.c">
			<Option compilerVar="CC" />
		</Unit>
		<Unit filename="libGeoIP\GeoIP.h" />
		<Unit filename="mod\commandev.cpp" />
		<Unit filename="mod\commandev.h" />
		<Unit filename="mod\commandhandler.cpp" />
		<Unit filename="mod\commandhandler.h" />
		<Unit filename="mod\geoipmod.cpp" />
		<Unit filename="mod\geoipmod.h" />
		<Unit filename="mod\irc.cpp" />
		<Unit filename="mod\irc.h" />
		<Unit filename="mod\rconmod.cpp" />
		<Unit filename="mod\rconmod.h" />
		<Unit filename="mod\remod.cpp" />
		<Unit filename="mod\remod.h" />
		<Unit filename="mod\remodex.cpp" />
		<Unit filename="mod\remodex.h" />
		<Unit filename="mod\serverctrl.cpp" />
		<Unit filename="shared\command.h" />
		<Unit filename="shared\crypto.cpp" />
		<Unit filename="shared\cube.h" />
		<Unit filename="shared\ents.h" />
		<Unit filename="shared\geom.h" />
		<Unit filename="shared\iengine.h" />
		<Unit filename="shared\igame.h" />
		<Unit filename="shared\stream.cpp" />
		<Unit filename="shared\tools.cpp" />
		<Unit filename="shared\tools.h" />
		<Extensions>
			<code_completion />
			<debugger />
			<lib_finder disable_auto="1" />
			<envvars />
		</Extensions>
	</Project>
</CodeBlocks_project_file>
